
Microsoft Visual Studio Solution File, Format Version 12.00
# Visual Studio Version 17
VisualStudioVersion = 17.8.34525.116
MinimumVisualStudioVersion = 10.0.40219.1
Project("{FAE04EC0-301F-11D3-BF4B-00C04F79EFBC}") = "ReadingRecords", "ReadingRecords.csproj", "{31D13EAF-CC5C-4CCD-B26E-1ECCC87B2667}"
EndProject
Global
	GlobalSection(SolutionConfigurationPlatforms) = preSolution
		Debug|Any CPU = Debug|Any CPU
		Release|Any CPU = Release|Any CPU
	EndGlobalSection
	GlobalSection(ProjectConfigurationPlatforms) = postSolution
		{31D13EAF-CC5C-4CCD-B26E-1ECCC87B2667}.Debug|Any CPU.ActiveCfg = Debug|Any CPU
		{31D13EAF-CC5C-4CCD-B26E-1ECCC87B2667}.Debug|Any CPU.Build.0 = Debug|Any CPU
		{31D13EAF-CC5C-4CCD-B26E-1ECCC87B2667}.Release|Any CPU.ActiveCfg = Release|Any CPU
		{31D13EAF-CC5C-4CCD-B26E-1ECCC87B2667}.Release|Any CPU.Build.0 = Release|Any CPU
	EndGlobalSection
	GlobalSection(SolutionProperties) = preSolution
		HideSolutionNode = FALSE
	EndGlobalSection
	GlobalSection(ExtensibilityGlobals) = postSolution
		SolutionGuid = {B88FD2CD-43E5-4094-B67C-E13B38327F07}
	EndGlobalSection
EndGlobal
